
Microsoft Visual Studio Solution File, Format Version 12.00
# Visual Studio Version 16
VisualStudioVersion = 16.0.30128.74
MinimumVisualStudioVersion = 10.0.40219.1
Project("{FAE04EC0-301F-11D3-BF4B-00C04F79EFBC}") = "E_TicaretProject", "E_TicaretProject\E_TicaretProject.csproj", "{A603AA74-4481-4380-AB0E-E156B6A008BC}"
EndProject
Global
	GlobalSection(SolutionConfigurationPlatforms) = preSolution
		Debug|Any CPU = Debug|Any CPU
		Release|Any CPU = Release|Any CPU
	EndGlobalSection
	GlobalSection(ProjectConfigurationPlatforms) = postSolution
		{A603AA74-4481-4380-AB0E-E156B6A008BC}.Debug|Any CPU.ActiveCfg = Debug|Any CPU
		{A603AA74-4481-4380-AB0E-E156B6A008BC}.Debug|Any CPU.Build.0 = Debug|Any CPU
		{A603AA74-4481-4380-AB0E-E156B6A008BC}.Release|Any CPU.ActiveCfg = Release|Any CPU
		{A603AA74-4481-4380-AB0E-E156B6A008BC}.Release|Any CPU.Build.0 = Release|Any CPU
	EndGlobalSection
	GlobalSection(SolutionProperties) = preSolution
		HideSolutionNode = FALSE
	EndGlobalSection
	GlobalSection(ExtensibilityGlobals) = postSolution
		SolutionGuid = {AF3845F8-3FFB-4BC0-9D87-C3F39B605F18}
	EndGlobalSection
EndGlobal
